# This file is generated by running "yarn install" inside your project.
# Manual changes might be lost - proceed with caution!

__metadata:
  version: 6
  cacheKey: 8

"@discretize/gw2-ui-new@npm:0.1.2":
  version: 0.1.2
  resolution: "@discretize/gw2-ui-new@npm:0.1.2"
  dependencies:
    "@discretize/typeface-menomonia": ^0.1.3
    clsx: ^1.1.1
    react: ^18.2.0
    react-dom: ^18.2.0
  checksum: 226725a9ead1b5f519b85611ef3d512ff9c47d3a320c0bb52cb0b57740f727c59551fc1e39a7f8d22fd1de193fa5876d4012cbacc96fa27723e8eeaffbd32f8d
  languageName: node
  linkType: hard

"@discretize/typeface-menomonia@npm:^0.1.3":
  version: 0.1.3
  resolution: "@discretize/typeface-menomonia@npm:0.1.3"
  checksum: f39234e6afa9eefc6fef748de86836e9f8876e1f40c4b79124db6aa6cdcd16b8bd653ce1a17e85f475a39435e1162229f09a1f882aed4e6326eeb8feb0367f56
  languageName: node
  linkType: hard

"clsx@npm:^1.1.1, clsx@npm:^1.2.1":
  version: 1.2.1
  resolution: "clsx@npm:1.2.1"
  checksum: 30befca8019b2eb7dbad38cff6266cf543091dae2825c856a62a8ccf2c3ab9c2907c4d12b288b73101196767f66812365400a227581484a05f968b0307cfaf12
  languageName: node
  linkType: hard

"gw2-embeds@npm:0.3.1":
  version: 0.3.1
  resolution: "gw2-embeds@npm:0.3.1"
  dependencies:
    "@discretize/gw2-ui-new": 0.1.2
    "@discretize/typeface-menomonia": ^0.1.3
    clsx: ^1.2.1
    object-hash: ^3.0.0
    react: ^18.2.0
    react-dom: ^18.2.0
  checksum: eaeef4d7539b3a4a67de1d8bf161c43a940c093c28a0ed9796364cf0c8b48360d99280b56ccd773e5650e79a05ad52a034d0042e2f008260aebb973627f43f1e
  languageName: node
  linkType: hard

"gw2-embeds_wordpress@workspace:.":
  version: 0.0.0-use.local
  resolution: "gw2-embeds_wordpress@workspace:."
  dependencies:
    gw2-embeds: 0.3.1
  languageName: unknown
  linkType: soft

"js-tokens@npm:^3.0.0 || ^4.0.0":
  version: 4.0.0
  resolution: "js-tokens@npm:4.0.0"
  checksum: 8a95213a5a77deb6cbe94d86340e8d9ace2b93bc367790b260101d2f36a2eaf4e4e22d9fa9cf459b38af3a32fb4190e638024cf82ec95ef708680e405ea7cc78
  languageName: node
  linkType: hard

"loose-envify@npm:^1.1.0":
  version: 1.4.0
  resolution: "loose-envify@npm:1.4.0"
  dependencies:
    js-tokens: ^3.0.0 || ^4.0.0
  bin:
    loose-envify: cli.js
  checksum: 6517e24e0cad87ec9888f500c5b5947032cdfe6ef65e1c1936a0c48a524b81e65542c9c3edc91c97d5bddc806ee2a985dbc79be89215d613b1de5db6d1cfe6f4
  languageName: node
  linkType: hard

"object-hash@npm:^3.0.0":
  version: 3.0.0
  resolution: "object-hash@npm:3.0.0"
  checksum: 80b4904bb3857c52cc1bfd0b52c0352532ca12ed3b8a6ff06a90cd209dfda1b95cee059a7625eb9da29537027f68ac4619363491eedb2f5d3dddbba97494fd6c
  languageName: node
  linkType: hard

"react-dom@npm:^18.2.0":
  version: 18.2.0
  resolution: "react-dom@npm:18.2.0"
  dependencies:
    loose-envify: ^1.1.0
    scheduler: ^0.23.0
  peerDependencies:
    react: ^18.2.0
  checksum: 7d323310bea3a91be2965f9468d552f201b1c27891e45ddc2d6b8f717680c95a75ae0bc1e3f5cf41472446a2589a75aed4483aee8169287909fcd59ad149e8cc
  languageName: node
  linkType: hard

"react@npm:^18.2.0":
  version: 18.2.0
  resolution: "react@npm:18.2.0"
  dependencies:
    loose-envify: ^1.1.0
  checksum: 88e38092da8839b830cda6feef2e8505dec8ace60579e46aa5490fc3dc9bba0bd50336507dc166f43e3afc1c42939c09fe33b25fae889d6f402721dcd78fca1b
  languageName: node
  linkType: hard

"scheduler@npm:^0.23.0":
  version: 0.23.0
  resolution: "scheduler@npm:0.23.0"
  dependencies:
    loose-envify: ^1.1.0
  checksum: d79192eeaa12abef860c195ea45d37cbf2bbf5f66e3c4dcd16f54a7da53b17788a70d109ee3d3dde1a0fd50e6a8fc171f4300356c5aee4fc0171de526bf35f8a
  languageName: node
  linkType: hard
